<?xml version="1.0" encoding="utf-8"?>
<Project ToolsVersion="4.0" xmlns="http://schemas.microsoft.com/developer/msbuild/2003">
  <ItemGroup>
    <Filter Include="Source Files">
      <UniqueIdentifier>{4FC737F1-C7A5-4376-A066-2A32D752A2FF}</UniqueIdentifier>
      <Extensions>cpp;c;cc;cxx;def;odl;idl;hpj;bat;asm;asmx</Extensions>
    </Filter>
    <Filter Include="Header Files">
      <UniqueIdentifier>{93995380-89BD-4b04-88EB-625FBE52EBFB}</UniqueIdentifier>
      <Extensions>h;hh;hpp;hxx;hm;inl;inc;xsd</Extensions>
    </Filter>
    <Filter Include="Resource Files">
      <UniqueIdentifier>{67DA6AB6-F800-4c08-8B7A-83BB121AAD01}</UniqueIdentifier>
      <Extensions>rc;ico;cur;bmp;dlg;rc2;rct;bin;rgs;gif;jpg;jpeg;jpe;resx;tiff;tif;png;wav;mfcribbon-ms</Extensions>
    </Filter>
  </ItemGroup>
  <ItemGroup>
    <ClInclude Include="type_database.h">
      <Filter>Header Files</Filter>
    </ClInclude>
    <ClInclude Include="type.h">
      <Filter>Header Files</Filter>
    </ClInclude>
    <ClInclude Include="type_info.h">
      <Filter>Header Files</Filter>
    </ClInclude>
    <ClInclude Include="type_data.h">
      <Filter>Header Files</Filter>
    </ClInclude>
    <ClInclude Include="runtime.h">
      <Filter>Header Files</Filter>
    </ClInclude>
    <ClInclude Include="reflection_database.h">
      <Filter>Header Files</Filter>
    </ClInclude>
    <ClInclude Include="object.h">
      <Filter>Header Files</Filter>
    </ClInclude>
    <ClInclude Include="argument.h">
      <Filter>Header Files</Filter>
    </ClInclude>
    <ClInclude Include="object_base.h">
      <Filter>Header Files</Filter>
    </ClInclude>
    <ClInclude Include="field.h">
      <Filter>Header Files</Filter>
    </ClInclude>
    <ClInclude Include="method.h">
      <Filter>Header Files</Filter>
    </ClInclude>
    <ClInclude Include="invokable.h">
      <Filter>Header Files</Filter>
    </ClInclude>
    <ClInclude Include="constructor.h">
      <Filter>Header Files</Filter>
    </ClInclude>
    <ClInclude Include="reflectable.h">
      <Filter>Header Files</Filter>
    </ClInclude>
    <ClInclude Include="arguments.h">
      <Filter>Header Files</Filter>
    </ClInclude>
    <ClInclude Include="type_config.h">
      <Filter>Header Files</Filter>
    </ClInclude>
    <ClInclude Include="object_container.h">
      <Filter>Header Files</Filter>
    </ClInclude>
    <ClInclude Include="typeof.h">
      <Filter>Header Files</Filter>
    </ClInclude>
    <ClInclude Include="constructor_info.h">
      <Filter>Header Files</Filter>
    </ClInclude>
    <ClInclude Include="operator_check.h">
      <Filter>Header Files</Filter>
    </ClInclude>
    <ClInclude Include="type_info_base.h">
      <Filter>Header Files</Filter>
    </ClInclude>
    <ClInclude Include="method_info.h">
      <Filter>Header Files</Filter>
    </ClInclude>
    <ClInclude Include="arguments_packing.h">
      <Filter>Header Files</Filter>
    </ClInclude>
    <ClInclude Include="function_traits.h">
      <Filter>Header Files</Filter>
    </ClInclude>
    <ClInclude Include="result_of.h">
      <Filter>Header Files</Filter>
    </ClInclude>
    <ClInclude Include="is_const_function.h">
      <Filter>Header Files</Filter>
    </ClInclude>
    <ClInclude Include="binder.h">
      <Filter>Header Files</Filter>
    </ClInclude>
  </ItemGroup>
  <ItemGroup>
    <ClCompile Include="type.cpp">
      <Filter>Source Files</Filter>
    </ClCompile>
    <ClCompile Include="field.cpp">
      <Filter>Source Files</Filter>
    </ClCompile>
    <ClCompile Include="type_database.cpp">
      <Filter>Source Files</Filter>
    </ClCompile>
    <ClCompile Include="method.cpp">
      <Filter>Source Files</Filter>
    </ClCompile>
    <ClCompile Include="type_data.cpp">
      <Filter>Source Files</Filter>
    </ClCompile>
    <ClCompile Include="reflection_database.cpp">
      <Filter>Source Files</Filter>
    </ClCompile>
    <ClCompile Include="main.cpp">
      <Filter>Source Files</Filter>
    </ClCompile>
  </ItemGroup>
</Project>